
Microsoft Visual Studio Solution File, Format Version 12.00
# Visual Studio Version 17
VisualStudioVersion = 17.1.32210.238
MinimumVisualStudioVersion = 10.0.40219.1
Project("{FAE04EC0-301F-11D3-BF4B-00C04F79EFBC}") = "YemekSepetiHesapAcici", "YemekSepetiHesapAcici\YemekSepetiHesapAcici.csproj", "{92886B86-5869-4C69-9BA4-8F7FD58836EA}"
EndProject
Global
	GlobalSection(SolutionConfigurationPlatforms) = preSolution
		Debug|Any CPU = Debug|Any CPU
		Release|Any CPU = Release|Any CPU
	EndGlobalSection
	GlobalSection(ProjectConfigurationPlatforms) = postSolution
		{92886B86-5869-4C69-9BA4-8F7FD58836EA}.Debug|Any CPU.ActiveCfg = Debug|Any CPU
		{92886B86-5869-4C69-9BA4-8F7FD58836EA}.Debug|Any CPU.Build.0 = Debug|Any CPU
		{92886B86-5869-4C69-9BA4-8F7FD58836EA}.Release|Any CPU.ActiveCfg = Release|Any CPU
		{92886B86-5869-4C69-9BA4-8F7FD58836EA}.Release|Any CPU.Build.0 = Release|Any CPU
	EndGlobalSection
	GlobalSection(SolutionProperties) = preSolution
		HideSolutionNode = FALSE
	EndGlobalSection
	GlobalSection(ExtensibilityGlobals) = postSolution
		SolutionGuid = {C37E009A-6C7C-4FEB-B7D9-45498912DFAD}
	EndGlobalSection
EndGlobal
